
Microsoft Visual Studio Solution File, Format Version 12.00
# Visual Studio 15
VisualStudioVersion = 15.0.26403.7
MinimumVisualStudioVersion = 10.0.40219.1
Project("{FAE04EC0-301F-11D3-BF4B-00C04F79EFBC}") = "DelegatesExample", "DelegatesExample\DelegatesExample.csproj", "{FEED0A94-99A3-4CB6-B29C-847654CD2D5C}"
EndProject
Project("{FAE04EC0-301F-11D3-BF4B-00C04F79EFBC}") = "DelegatesInPraxis", "DelegatesInPraxis\DelegatesInPraxis.csproj", "{ADD991F6-6D8C-4266-B0FC-C541E1321124}"
EndProject
Global
	GlobalSection(SolutionConfigurationPlatforms) = preSolution
		Debug|Any CPU = Debug|Any CPU
		Release|Any CPU = Release|Any CPU
	EndGlobalSection
	GlobalSection(ProjectConfigurationPlatforms) = postSolution
		{FEED0A94-99A3-4CB6-B29C-847654CD2D5C}.Debug|Any CPU.ActiveCfg = Debug|Any CPU
		{FEED0A94-99A3-4CB6-B29C-847654CD2D5C}.Debug|Any CPU.Build.0 = Debug|Any CPU
		{FEED0A94-99A3-4CB6-B29C-847654CD2D5C}.Release|Any CPU.ActiveCfg = Release|Any CPU
		{FEED0A94-99A3-4CB6-B29C-847654CD2D5C}.Release|Any CPU.Build.0 = Release|Any CPU
		{ADD991F6-6D8C-4266-B0FC-C541E1321124}.Debug|Any CPU.ActiveCfg = Debug|Any CPU
		{ADD991F6-6D8C-4266-B0FC-C541E1321124}.Debug|Any CPU.Build.0 = Debug|Any CPU
		{ADD991F6-6D8C-4266-B0FC-C541E1321124}.Release|Any CPU.ActiveCfg = Release|Any CPU
		{ADD991F6-6D8C-4266-B0FC-C541E1321124}.Release|Any CPU.Build.0 = Release|Any CPU
	EndGlobalSection
	GlobalSection(SolutionProperties) = preSolution
		HideSolutionNode = FALSE
	EndGlobalSection
EndGlobal
