
Microsoft Visual Studio Solution File, Format Version 12.00
# Visual Studio 15
VisualStudioVersion = 15.0.26403.7
MinimumVisualStudioVersion = 10.0.40219.1
Project("{FAE04EC0-301F-11D3-BF4B-00C04F79EFBC}") = "DelegatesExample", "DelegatesExample\DelegatesExample.csproj", "{FEED0A94-99A3-4CB6-B29C-847654CD2D5C}"
EndProject
Project("{FAE04EC0-301F-11D3-BF4B-00C04F79EFBC}") = "DelegatesInPraxis", "DelegatesInPraxis\DelegatesInPraxis.csproj", "{ADD991F6-6D8C-4266-B0FC-C541E1321124}"
EndProject
Project("{FAE04EC0-301F-11D3-BF4B-00C04F79EFBC}") = "HalloWPF", "HalloWPF\HalloWPF.csproj", "{DC453C30-AD96-4C95-8387-BAB4B189DBC4}"
EndProject
Project("{FAE04EC0-301F-11D3-BF4B-00C04F79EFBC}") = "LayoutContainerÜbung", "LayoutContainerÜbung\LayoutContainerÜbung.csproj", "{DF57AEE0-48FC-4DD5-A2C6-89C937F70CD3}"
EndProject
Project("{FAE04EC0-301F-11D3-BF4B-00C04F79EFBC}") = "Resources", "Resources\Resources.csproj", "{0B5AA8F9-D4FA-4630-A891-E7DD2B685395}"
EndProject
Project("{FAE04EC0-301F-11D3-BF4B-00C04F79EFBC}") = "Styles", "Styles\Styles.csproj", "{7E8EA5E6-4D97-4281-988F-2FD17A04BBC5}"
EndProject
Project("{FAE04EC0-301F-11D3-BF4B-00C04F79EFBC}") = "Templates", "Templates\Templates.csproj", "{88DB5FA5-957F-41F2-B4AE-654D1B550090}"
EndProject
Global
	GlobalSection(SolutionConfigurationPlatforms) = preSolution
		Debug|Any CPU = Debug|Any CPU
		Release|Any CPU = Release|Any CPU
	EndGlobalSection
	GlobalSection(ProjectConfigurationPlatforms) = postSolution
		{FEED0A94-99A3-4CB6-B29C-847654CD2D5C}.Debug|Any CPU.ActiveCfg = Debug|Any CPU
		{FEED0A94-99A3-4CB6-B29C-847654CD2D5C}.Debug|Any CPU.Build.0 = Debug|Any CPU
		{FEED0A94-99A3-4CB6-B29C-847654CD2D5C}.Release|Any CPU.ActiveCfg = Release|Any CPU
		{FEED0A94-99A3-4CB6-B29C-847654CD2D5C}.Release|Any CPU.Build.0 = Release|Any CPU
		{ADD991F6-6D8C-4266-B0FC-C541E1321124}.Debug|Any CPU.ActiveCfg = Debug|Any CPU
		{ADD991F6-6D8C-4266-B0FC-C541E1321124}.Debug|Any CPU.Build.0 = Debug|Any CPU
		{ADD991F6-6D8C-4266-B0FC-C541E1321124}.Release|Any CPU.ActiveCfg = Release|Any CPU
		{ADD991F6-6D8C-4266-B0FC-C541E1321124}.Release|Any CPU.Build.0 = Release|Any CPU
		{DC453C30-AD96-4C95-8387-BAB4B189DBC4}.Debug|Any CPU.ActiveCfg = Debug|Any CPU
		{DC453C30-AD96-4C95-8387-BAB4B189DBC4}.Debug|Any CPU.Build.0 = Debug|Any CPU
		{DC453C30-AD96-4C95-8387-BAB4B189DBC4}.Release|Any CPU.ActiveCfg = Release|Any CPU
		{DC453C30-AD96-4C95-8387-BAB4B189DBC4}.Release|Any CPU.Build.0 = Release|Any CPU
		{DF57AEE0-48FC-4DD5-A2C6-89C937F70CD3}.Debug|Any CPU.ActiveCfg = Debug|Any CPU
		{DF57AEE0-48FC-4DD5-A2C6-89C937F70CD3}.Debug|Any CPU.Build.0 = Debug|Any CPU
		{DF57AEE0-48FC-4DD5-A2C6-89C937F70CD3}.Release|Any CPU.ActiveCfg = Release|Any CPU
		{DF57AEE0-48FC-4DD5-A2C6-89C937F70CD3}.Release|Any CPU.Build.0 = Release|Any CPU
		{0B5AA8F9-D4FA-4630-A891-E7DD2B685395}.Debug|Any CPU.ActiveCfg = Debug|Any CPU
		{0B5AA8F9-D4FA-4630-A891-E7DD2B685395}.Debug|Any CPU.Build.0 = Debug|Any CPU
		{0B5AA8F9-D4FA-4630-A891-E7DD2B685395}.Release|Any CPU.ActiveCfg = Release|Any CPU
		{0B5AA8F9-D4FA-4630-A891-E7DD2B685395}.Release|Any CPU.Build.0 = Release|Any CPU
		{7E8EA5E6-4D97-4281-988F-2FD17A04BBC5}.Debug|Any CPU.ActiveCfg = Debug|Any CPU
		{7E8EA5E6-4D97-4281-988F-2FD17A04BBC5}.Debug|Any CPU.Build.0 = Debug|Any CPU
		{7E8EA5E6-4D97-4281-988F-2FD17A04BBC5}.Release|Any CPU.ActiveCfg = Release|Any CPU
		{7E8EA5E6-4D97-4281-988F-2FD17A04BBC5}.Release|Any CPU.Build.0 = Release|Any CPU
		{88DB5FA5-957F-41F2-B4AE-654D1B550090}.Debug|Any CPU.ActiveCfg = Debug|Any CPU
		{88DB5FA5-957F-41F2-B4AE-654D1B550090}.Debug|Any CPU.Build.0 = Debug|Any CPU
		{88DB5FA5-957F-41F2-B4AE-654D1B550090}.Release|Any CPU.ActiveCfg = Release|Any CPU
		{88DB5FA5-957F-41F2-B4AE-654D1B550090}.Release|Any CPU.Build.0 = Release|Any CPU
	EndGlobalSection
	GlobalSection(SolutionProperties) = preSolution
		HideSolutionNode = FALSE
	EndGlobalSection
EndGlobal
