
Microsoft Visual Studio Solution File, Format Version 12.00
# Visual Studio 15
VisualStudioVersion = 15.0.26403.7
MinimumVisualStudioVersion = 10.0.40219.1
Project("{FAE04EC0-301F-11D3-BF4B-00C04F79EFBC}") = "DelegatesExample", "DelegatesExample\DelegatesExample.csproj", "{FEED0A94-99A3-4CB6-B29C-847654CD2D5C}"
EndProject
Project("{FAE04EC0-301F-11D3-BF4B-00C04F79EFBC}") = "DelegatesInPraxis", "DelegatesInPraxis\DelegatesInPraxis.csproj", "{ADD991F6-6D8C-4266-B0FC-C541E1321124}"
EndProject
Project("{FAE04EC0-301F-11D3-BF4B-00C04F79EFBC}") = "HalloWPF", "HalloWPF\HalloWPF.csproj", "{DC453C30-AD96-4C95-8387-BAB4B189DBC4}"
EndProject
Project("{FAE04EC0-301F-11D3-BF4B-00C04F79EFBC}") = "LayoutContainerÜbung", "LayoutContainerÜbung\LayoutContainerÜbung.csproj", "{DF57AEE0-48FC-4DD5-A2C6-89C937F70CD3}"
EndProject
Project("{FAE04EC0-301F-11D3-BF4B-00C04F79EFBC}") = "Resources", "Resources\Resources.csproj", "{0B5AA8F9-D4FA-4630-A891-E7DD2B685395}"
EndProject
Project("{FAE04EC0-301F-11D3-BF4B-00C04F79EFBC}") = "Styles", "Styles\Styles.csproj", "{7E8EA5E6-4D97-4281-988F-2FD17A04BBC5}"
EndProject
Project("{FAE04EC0-301F-11D3-BF4B-00C04F79EFBC}") = "Templates", "Templates\Templates.csproj", "{88DB5FA5-957F-41F2-B4AE-654D1B550090}"
EndProject
Project("{FAE04EC0-301F-11D3-BF4B-00C04F79EFBC}") = "RoutedEvents", "RoutedEvents\RoutedEvents.csproj", "{E10FE7D5-F1FC-4D36-81C5-3D615D527B86}"
EndProject
Project("{FAE04EC0-301F-11D3-BF4B-00C04F79EFBC}") = "Binding", "Binding\Binding.csproj", "{339AD45D-B052-4A80-A3B9-91CEA7875E94}"
EndProject
Project("{FAE04EC0-301F-11D3-BF4B-00C04F79EFBC}") = "RelativeSourceSelf", "RelativeSourceSelf\RelativeSourceSelf.csproj", "{B524F43D-E0BF-4BFB-AAC3-69307835AEA6}"
EndProject
Project("{FAE04EC0-301F-11D3-BF4B-00C04F79EFBC}") = "RelativeSourceTemplatedParent", "RelativeSourceTemplatedParent\RelativeSourceTemplatedParent.csproj", "{D09B27E5-E52A-46E9-BA14-7E25FFCD1CBA}"
EndProject
Project("{FAE04EC0-301F-11D3-BF4B-00C04F79EFBC}") = "RelativeSourceFindAncestor", "RelativeSourceFindAncestor\RelativeSourceFindAncestor.csproj", "{64897B88-33C0-43A7-9AE5-7C114776A1CE}"
EndProject
Project("{FAE04EC0-301F-11D3-BF4B-00C04F79EFBC}") = "RelativeSourcePreviousData", "RelativeSourcePreviousData\RelativeSourcePreviousData.csproj", "{7C56A77E-2A78-424E-9046-2985378580E3}"
EndProject
Project("{FAE04EC0-301F-11D3-BF4B-00C04F79EFBC}") = "MySpecialResources", "MySpecialResources\MySpecialResources.csproj", "{5E25D223-C513-44C0-9B09-4324ED329EDB}"
EndProject
Project("{FAE04EC0-301F-11D3-BF4B-00C04F79EFBC}") = "ConvertersExample", "ConvertersExample\ConvertersExample.csproj", "{1C678B62-B2E6-4E6F-8AAB-A77735C55DC1}"
EndProject
Project("{FAE04EC0-301F-11D3-BF4B-00C04F79EFBC}") = "MultiValueConverterExample", "MultiValueConverterExample\MultiValueConverterExample.csproj", "{F1C1E917-2619-4412-823F-827E140DBDA2}"
EndProject
Project("{FAE04EC0-301F-11D3-BF4B-00C04F79EFBC}") = "Validation", "Validation\Validation.csproj", "{2DD0B5FB-6EB0-4970-8FFB-7A99FBF918D0}"
EndProject
Project("{FAE04EC0-301F-11D3-BF4B-00C04F79EFBC}") = "PropertyTriggers", "PropertyTriggers\PropertyTriggers.csproj", "{56A0947B-B199-42AD-88C1-AE0473E41DF6}"
EndProject
Project("{FAE04EC0-301F-11D3-BF4B-00C04F79EFBC}") = "DataTrigger", "DataTrigger\DataTrigger.csproj", "{E88FEF1E-571B-462E-8E0C-1230914DEE25}"
EndProject
Project("{FAE04EC0-301F-11D3-BF4B-00C04F79EFBC}") = "EventTriggers", "EventTriggers\EventTriggers.csproj", "{86DA24F8-E1C2-4E16-A386-C7266A025249}"
EndProject
Project("{FAE04EC0-301F-11D3-BF4B-00C04F79EFBC}") = "EventTriggerToFrameworkElement", "EventTriggerToFrameworkElement\EventTriggerToFrameworkElement.csproj", "{E3FE1C5E-2E0B-48F0-9A06-79EA8B608990}"
EndProject
Project("{FAE04EC0-301F-11D3-BF4B-00C04F79EFBC}") = "HalloBlend", "HalloBlend\HalloBlend.csproj", "{8686AA02-B88B-4B60-BA6F-24B9FB267FFA}"
EndProject
Project("{FAE04EC0-301F-11D3-BF4B-00C04F79EFBC}") = "DependencyProperties", "DependencyProperties\DependencyProperties.csproj", "{BDE4301E-D8B3-4ED3-AEC9-F269225DC5E0}"
EndProject
Global
	GlobalSection(SolutionConfigurationPlatforms) = preSolution
		Debug|Any CPU = Debug|Any CPU
		Release|Any CPU = Release|Any CPU
	EndGlobalSection
	GlobalSection(ProjectConfigurationPlatforms) = postSolution
		{FEED0A94-99A3-4CB6-B29C-847654CD2D5C}.Debug|Any CPU.ActiveCfg = Debug|Any CPU
		{FEED0A94-99A3-4CB6-B29C-847654CD2D5C}.Debug|Any CPU.Build.0 = Debug|Any CPU
		{FEED0A94-99A3-4CB6-B29C-847654CD2D5C}.Release|Any CPU.ActiveCfg = Release|Any CPU
		{FEED0A94-99A3-4CB6-B29C-847654CD2D5C}.Release|Any CPU.Build.0 = Release|Any CPU
		{ADD991F6-6D8C-4266-B0FC-C541E1321124}.Debug|Any CPU.ActiveCfg = Debug|Any CPU
		{ADD991F6-6D8C-4266-B0FC-C541E1321124}.Debug|Any CPU.Build.0 = Debug|Any CPU
		{ADD991F6-6D8C-4266-B0FC-C541E1321124}.Release|Any CPU.ActiveCfg = Release|Any CPU
		{ADD991F6-6D8C-4266-B0FC-C541E1321124}.Release|Any CPU.Build.0 = Release|Any CPU
		{DC453C30-AD96-4C95-8387-BAB4B189DBC4}.Debug|Any CPU.ActiveCfg = Debug|Any CPU
		{DC453C30-AD96-4C95-8387-BAB4B189DBC4}.Debug|Any CPU.Build.0 = Debug|Any CPU
		{DC453C30-AD96-4C95-8387-BAB4B189DBC4}.Release|Any CPU.ActiveCfg = Release|Any CPU
		{DC453C30-AD96-4C95-8387-BAB4B189DBC4}.Release|Any CPU.Build.0 = Release|Any CPU
		{DF57AEE0-48FC-4DD5-A2C6-89C937F70CD3}.Debug|Any CPU.ActiveCfg = Debug|Any CPU
		{DF57AEE0-48FC-4DD5-A2C6-89C937F70CD3}.Debug|Any CPU.Build.0 = Debug|Any CPU
		{DF57AEE0-48FC-4DD5-A2C6-89C937F70CD3}.Release|Any CPU.ActiveCfg = Release|Any CPU
		{DF57AEE0-48FC-4DD5-A2C6-89C937F70CD3}.Release|Any CPU.Build.0 = Release|Any CPU
		{0B5AA8F9-D4FA-4630-A891-E7DD2B685395}.Debug|Any CPU.ActiveCfg = Debug|Any CPU
		{0B5AA8F9-D4FA-4630-A891-E7DD2B685395}.Debug|Any CPU.Build.0 = Debug|Any CPU
		{0B5AA8F9-D4FA-4630-A891-E7DD2B685395}.Release|Any CPU.ActiveCfg = Release|Any CPU
		{0B5AA8F9-D4FA-4630-A891-E7DD2B685395}.Release|Any CPU.Build.0 = Release|Any CPU
		{7E8EA5E6-4D97-4281-988F-2FD17A04BBC5}.Debug|Any CPU.ActiveCfg = Debug|Any CPU
		{7E8EA5E6-4D97-4281-988F-2FD17A04BBC5}.Debug|Any CPU.Build.0 = Debug|Any CPU
		{7E8EA5E6-4D97-4281-988F-2FD17A04BBC5}.Release|Any CPU.ActiveCfg = Release|Any CPU
		{7E8EA5E6-4D97-4281-988F-2FD17A04BBC5}.Release|Any CPU.Build.0 = Release|Any CPU
		{88DB5FA5-957F-41F2-B4AE-654D1B550090}.Debug|Any CPU.ActiveCfg = Debug|Any CPU
		{88DB5FA5-957F-41F2-B4AE-654D1B550090}.Debug|Any CPU.Build.0 = Debug|Any CPU
		{88DB5FA5-957F-41F2-B4AE-654D1B550090}.Release|Any CPU.ActiveCfg = Release|Any CPU
		{88DB5FA5-957F-41F2-B4AE-654D1B550090}.Release|Any CPU.Build.0 = Release|Any CPU
		{E10FE7D5-F1FC-4D36-81C5-3D615D527B86}.Debug|Any CPU.ActiveCfg = Debug|Any CPU
		{E10FE7D5-F1FC-4D36-81C5-3D615D527B86}.Debug|Any CPU.Build.0 = Debug|Any CPU
		{E10FE7D5-F1FC-4D36-81C5-3D615D527B86}.Release|Any CPU.ActiveCfg = Release|Any CPU
		{E10FE7D5-F1FC-4D36-81C5-3D615D527B86}.Release|Any CPU.Build.0 = Release|Any CPU
		{339AD45D-B052-4A80-A3B9-91CEA7875E94}.Debug|Any CPU.ActiveCfg = Debug|Any CPU
		{339AD45D-B052-4A80-A3B9-91CEA7875E94}.Debug|Any CPU.Build.0 = Debug|Any CPU
		{339AD45D-B052-4A80-A3B9-91CEA7875E94}.Release|Any CPU.ActiveCfg = Release|Any CPU
		{339AD45D-B052-4A80-A3B9-91CEA7875E94}.Release|Any CPU.Build.0 = Release|Any CPU
		{B524F43D-E0BF-4BFB-AAC3-69307835AEA6}.Debug|Any CPU.ActiveCfg = Debug|Any CPU
		{B524F43D-E0BF-4BFB-AAC3-69307835AEA6}.Debug|Any CPU.Build.0 = Debug|Any CPU
		{B524F43D-E0BF-4BFB-AAC3-69307835AEA6}.Release|Any CPU.ActiveCfg = Release|Any CPU
		{B524F43D-E0BF-4BFB-AAC3-69307835AEA6}.Release|Any CPU.Build.0 = Release|Any CPU
		{D09B27E5-E52A-46E9-BA14-7E25FFCD1CBA}.Debug|Any CPU.ActiveCfg = Debug|Any CPU
		{D09B27E5-E52A-46E9-BA14-7E25FFCD1CBA}.Debug|Any CPU.Build.0 = Debug|Any CPU
		{D09B27E5-E52A-46E9-BA14-7E25FFCD1CBA}.Release|Any CPU.ActiveCfg = Release|Any CPU
		{D09B27E5-E52A-46E9-BA14-7E25FFCD1CBA}.Release|Any CPU.Build.0 = Release|Any CPU
		{64897B88-33C0-43A7-9AE5-7C114776A1CE}.Debug|Any CPU.ActiveCfg = Debug|Any CPU
		{64897B88-33C0-43A7-9AE5-7C114776A1CE}.Debug|Any CPU.Build.0 = Debug|Any CPU
		{64897B88-33C0-43A7-9AE5-7C114776A1CE}.Release|Any CPU.ActiveCfg = Release|Any CPU
		{64897B88-33C0-43A7-9AE5-7C114776A1CE}.Release|Any CPU.Build.0 = Release|Any CPU
		{7C56A77E-2A78-424E-9046-2985378580E3}.Debug|Any CPU.ActiveCfg = Debug|Any CPU
		{7C56A77E-2A78-424E-9046-2985378580E3}.Debug|Any CPU.Build.0 = Debug|Any CPU
		{7C56A77E-2A78-424E-9046-2985378580E3}.Release|Any CPU.ActiveCfg = Release|Any CPU
		{7C56A77E-2A78-424E-9046-2985378580E3}.Release|Any CPU.Build.0 = Release|Any CPU
		{5E25D223-C513-44C0-9B09-4324ED329EDB}.Debug|Any CPU.ActiveCfg = Debug|Any CPU
		{5E25D223-C513-44C0-9B09-4324ED329EDB}.Debug|Any CPU.Build.0 = Debug|Any CPU
		{5E25D223-C513-44C0-9B09-4324ED329EDB}.Release|Any CPU.ActiveCfg = Release|Any CPU
		{5E25D223-C513-44C0-9B09-4324ED329EDB}.Release|Any CPU.Build.0 = Release|Any CPU
		{1C678B62-B2E6-4E6F-8AAB-A77735C55DC1}.Debug|Any CPU.ActiveCfg = Debug|Any CPU
		{1C678B62-B2E6-4E6F-8AAB-A77735C55DC1}.Debug|Any CPU.Build.0 = Debug|Any CPU
		{1C678B62-B2E6-4E6F-8AAB-A77735C55DC1}.Release|Any CPU.ActiveCfg = Release|Any CPU
		{1C678B62-B2E6-4E6F-8AAB-A77735C55DC1}.Release|Any CPU.Build.0 = Release|Any CPU
		{F1C1E917-2619-4412-823F-827E140DBDA2}.Debug|Any CPU.ActiveCfg = Debug|Any CPU
		{F1C1E917-2619-4412-823F-827E140DBDA2}.Debug|Any CPU.Build.0 = Debug|Any CPU
		{F1C1E917-2619-4412-823F-827E140DBDA2}.Release|Any CPU.ActiveCfg = Release|Any CPU
		{F1C1E917-2619-4412-823F-827E140DBDA2}.Release|Any CPU.Build.0 = Release|Any CPU
		{2DD0B5FB-6EB0-4970-8FFB-7A99FBF918D0}.Debug|Any CPU.ActiveCfg = Debug|Any CPU
		{2DD0B5FB-6EB0-4970-8FFB-7A99FBF918D0}.Debug|Any CPU.Build.0 = Debug|Any CPU
		{2DD0B5FB-6EB0-4970-8FFB-7A99FBF918D0}.Release|Any CPU.ActiveCfg = Release|Any CPU
		{2DD0B5FB-6EB0-4970-8FFB-7A99FBF918D0}.Release|Any CPU.Build.0 = Release|Any CPU
		{56A0947B-B199-42AD-88C1-AE0473E41DF6}.Debug|Any CPU.ActiveCfg = Debug|Any CPU
		{56A0947B-B199-42AD-88C1-AE0473E41DF6}.Debug|Any CPU.Build.0 = Debug|Any CPU
		{56A0947B-B199-42AD-88C1-AE0473E41DF6}.Release|Any CPU.ActiveCfg = Release|Any CPU
		{56A0947B-B199-42AD-88C1-AE0473E41DF6}.Release|Any CPU.Build.0 = Release|Any CPU
		{E88FEF1E-571B-462E-8E0C-1230914DEE25}.Debug|Any CPU.ActiveCfg = Debug|Any CPU
		{E88FEF1E-571B-462E-8E0C-1230914DEE25}.Debug|Any CPU.Build.0 = Debug|Any CPU
		{E88FEF1E-571B-462E-8E0C-1230914DEE25}.Release|Any CPU.ActiveCfg = Release|Any CPU
		{E88FEF1E-571B-462E-8E0C-1230914DEE25}.Release|Any CPU.Build.0 = Release|Any CPU
		{86DA24F8-E1C2-4E16-A386-C7266A025249}.Debug|Any CPU.ActiveCfg = Debug|Any CPU
		{86DA24F8-E1C2-4E16-A386-C7266A025249}.Debug|Any CPU.Build.0 = Debug|Any CPU
		{86DA24F8-E1C2-4E16-A386-C7266A025249}.Release|Any CPU.ActiveCfg = Release|Any CPU
		{86DA24F8-E1C2-4E16-A386-C7266A025249}.Release|Any CPU.Build.0 = Release|Any CPU
		{E3FE1C5E-2E0B-48F0-9A06-79EA8B608990}.Debug|Any CPU.ActiveCfg = Debug|Any CPU
		{E3FE1C5E-2E0B-48F0-9A06-79EA8B608990}.Debug|Any CPU.Build.0 = Debug|Any CPU
		{E3FE1C5E-2E0B-48F0-9A06-79EA8B608990}.Release|Any CPU.ActiveCfg = Release|Any CPU
		{E3FE1C5E-2E0B-48F0-9A06-79EA8B608990}.Release|Any CPU.Build.0 = Release|Any CPU
		{8686AA02-B88B-4B60-BA6F-24B9FB267FFA}.Debug|Any CPU.ActiveCfg = Debug|Any CPU
		{8686AA02-B88B-4B60-BA6F-24B9FB267FFA}.Debug|Any CPU.Build.0 = Debug|Any CPU
		{8686AA02-B88B-4B60-BA6F-24B9FB267FFA}.Release|Any CPU.ActiveCfg = Release|Any CPU
		{8686AA02-B88B-4B60-BA6F-24B9FB267FFA}.Release|Any CPU.Build.0 = Release|Any CPU
		{BDE4301E-D8B3-4ED3-AEC9-F269225DC5E0}.Debug|Any CPU.ActiveCfg = Debug|Any CPU
		{BDE4301E-D8B3-4ED3-AEC9-F269225DC5E0}.Debug|Any CPU.Build.0 = Debug|Any CPU
		{BDE4301E-D8B3-4ED3-AEC9-F269225DC5E0}.Release|Any CPU.ActiveCfg = Release|Any CPU
		{BDE4301E-D8B3-4ED3-AEC9-F269225DC5E0}.Release|Any CPU.Build.0 = Release|Any CPU
	EndGlobalSection
	GlobalSection(SolutionProperties) = preSolution
		HideSolutionNode = FALSE
	EndGlobalSection
EndGlobal
